# This file is automatically @generated by Cargo.
# It is not intended for manual editing.
version = 4

[[package]]
name = "gc-core"
version = "0.1.0"

[[package]]
name = "gc-ffi"
version = "0.1.0"
dependencies = [
 "gc-runtime",
]

[[package]]
name = "gc-platform"
version = "0.1.0"

[[package]]
name = "gc-runtime"
version = "0.1.0"
dependencies = [
 "gc-core",
 "gc-platform",
]
